
Microsoft Visual Studio Solution File, Format Version 12.00
# Visual Studio 15
VisualStudioVersion = 15.0.27130.2036
MinimumVisualStudioVersion = 10.0.40219.1
Project("{FAE04EC0-301F-11D3-BF4B-00C04F79EFBC}") = "ConsoleApp20", "ConsoleApp20\ConsoleApp20.csproj", "{3D9A6105-7BB6-4FF4-985C-0F851E5BBC5C}"
EndProject
Global
	GlobalSection(SolutionConfigurationPlatforms) = preSolution
		Debug|Any CPU = Debug|Any CPU
		Release|Any CPU = Release|Any CPU
	EndGlobalSection
	GlobalSection(ProjectConfigurationPlatforms) = postSolution
		{3D9A6105-7BB6-4FF4-985C-0F851E5BBC5C}.Debug|Any CPU.ActiveCfg = Debug|Any CPU
		{3D9A6105-7BB6-4FF4-985C-0F851E5BBC5C}.Debug|Any CPU.Build.0 = Debug|Any CPU
		{3D9A6105-7BB6-4FF4-985C-0F851E5BBC5C}.Release|Any CPU.ActiveCfg = Release|Any CPU
		{3D9A6105-7BB6-4FF4-985C-0F851E5BBC5C}.Release|Any CPU.Build.0 = Release|Any CPU
	EndGlobalSection
	GlobalSection(SolutionProperties) = preSolution
		HideSolutionNode = FALSE
	EndGlobalSection
	GlobalSection(ExtensibilityGlobals) = postSolution
		SolutionGuid = {92C1A1C8-85E0-4AFD-AD30-290C42FA8813}
	EndGlobalSection
EndGlobal
